
Microsoft Visual Studio Solution File, Format Version 11.00
# Visual Studio 2010 Express for Windows Phone
Project("{FAE04EC0-301F-11D3-BF4B-00C04F79EFBC}") = "XMLTest", "XMLTest\XMLTest.csproj", "{FE69570C-9F65-4A20-B641-2C75163768CB}"
EndProject
Global
	GlobalSection(SolutionConfigurationPlatforms) = preSolution
		Debug|Any CPU = Debug|Any CPU
		Release|Any CPU = Release|Any CPU
	EndGlobalSection
	GlobalSection(ProjectConfigurationPlatforms) = postSolution
		{FE69570C-9F65-4A20-B641-2C75163768CB}.Debug|Any CPU.ActiveCfg = Debug|Any CPU
		{FE69570C-9F65-4A20-B641-2C75163768CB}.Debug|Any CPU.Build.0 = Debug|Any CPU
		{FE69570C-9F65-4A20-B641-2C75163768CB}.Debug|Any CPU.Deploy.0 = Debug|Any CPU
		{FE69570C-9F65-4A20-B641-2C75163768CB}.Release|Any CPU.ActiveCfg = Release|Any CPU
		{FE69570C-9F65-4A20-B641-2C75163768CB}.Release|Any CPU.Build.0 = Release|Any CPU
		{FE69570C-9F65-4A20-B641-2C75163768CB}.Release|Any CPU.Deploy.0 = Release|Any CPU
	EndGlobalSection
	GlobalSection(SolutionProperties) = preSolution
		HideSolutionNode = FALSE
	EndGlobalSection
EndGlobal
